
Microsoft Visual Studio Solution File, Format Version 12.00
# Visual Studio Version 16
VisualStudioVersion = 16.0.31229.75
MinimumVisualStudioVersion = 10.0.40219.1
Project("{FAE04EC0-301F-11D3-BF4B-00C04F79EFBC}") = "Exercicio 8", "Exercicio 8\Exercicio 8.csproj", "{D00E8931-6052-48F8-AC34-D8CDA567E680}"
EndProject
Global
	GlobalSection(SolutionConfigurationPlatforms) = preSolution
		Debug|Any CPU = Debug|Any CPU
		Release|Any CPU = Release|Any CPU
	EndGlobalSection
	GlobalSection(ProjectConfigurationPlatforms) = postSolution
		{D00E8931-6052-48F8-AC34-D8CDA567E680}.Debug|Any CPU.ActiveCfg = Debug|Any CPU
		{D00E8931-6052-48F8-AC34-D8CDA567E680}.Debug|Any CPU.Build.0 = Debug|Any CPU
		{D00E8931-6052-48F8-AC34-D8CDA567E680}.Release|Any CPU.ActiveCfg = Release|Any CPU
		{D00E8931-6052-48F8-AC34-D8CDA567E680}.Release|Any CPU.Build.0 = Release|Any CPU
	EndGlobalSection
	GlobalSection(SolutionProperties) = preSolution
		HideSolutionNode = FALSE
	EndGlobalSection
	GlobalSection(ExtensibilityGlobals) = postSolution
		SolutionGuid = {781D0AD2-554C-4894-BCC1-5E5CCD054F97}
	EndGlobalSection
EndGlobal
